{
  "nodes": {
    "flake-utils": {
      "locked": {
        "lastModified": 1676283394,
        "narHash": "sha256-XX2f9c3iySLCw54rJ/CZs+ZK6IQy7GXNY4nSOyu2QG4=",
        "owner": "numtide",
        "repo": "flake-utils",
        "rev": "3db36a8b464d0c4532ba1c7dda728f4576d6d073",
        "type": "github"
      },
      "original": {
        "owner": "numtide",
        "repo": "flake-utils",
        "type": "github"
      }
    },
    "ghc-wasm-meta": {
      "inputs": {
        "flake-utils": "flake-utils",
        "nixpkgs": "nixpkgs"
      },
      "locked": {
        "host": "gitlab.haskell.org",
        "lastModified": 1676470724,
        "narHash": "sha256-ifRh+RJ9O7at1tmHALWxmIq22vHucVJRgvsAu251MZI=",
        "owner": "ghc",
        "repo": "ghc-wasm-meta",
        "rev": "be8febd209eb428ff7ad36ffc55cb69d64d6fcf8",
        "type": "gitlab"
      },
      "original": {
        "host": "gitlab.haskell.org",
        "owner": "ghc",
        "repo": "ghc-wasm-meta",
        "rev": "be8febd209eb428ff7ad36ffc55cb69d64d6fcf8",
        "type": "gitlab"
      }
    },
    "nixpkgs": {
      "locked": {
        "lastModified": 1676396181,
        "narHash": "sha256-6nykL8mbEQxZu9gAEi5Jpx1biS6u0c2DuRe1iQYxVWU=",
        "owner": "nixos",
        "repo": "nixpkgs",
        "rev": "a9c9d1924b437a2800b10a2100a07e7d00c8f5c7",
        "type": "github"
      },
      "original": {
        "owner": "nixos",
        "ref": "nixpkgs-unstable",
        "repo": "nixpkgs",
        "type": "github"
      }
    },
    "nixpkgs_2": {
      "locked": {
        "lastModified": 1676428076,
        "narHash": "sha256-8caqXsVSUvZqp4/pOLjbWWabzLEV/ZfDUiEv32WumKw=",
        "owner": "NixOS",
        "repo": "nixpkgs",
        "rev": "e0a054002198445ef987b55c34cde892cecc0de7",
        "type": "github"
      },
      "original": {
        "owner": "NixOS",
        "ref": "release-22.11",
        "repo": "nixpkgs",
        "type": "github"
      }
    },
    "root": {
      "inputs": {
        "ghc-wasm-meta": "ghc-wasm-meta",
        "nixpkgs": "nixpkgs_2",
        "tiny-games-hs": "tiny-games-hs"
      }
    },
    "tiny-games-hs": {
      "flake": false,
      "locked": {
        "lastModified": 1677646676,
        "narHash": "sha256-sqsnMlpH6sOrSnqKgwBFcWTF+7M6vRKYr4SbSNqPd14=",
        "owner": "haskell-game",
        "repo": "tiny-games-hs",
        "rev": "9dcd6f220d265966bf1f1ca259b5aa956a4cc8a6",
        "type": "github"
      },
      "original": {
        "owner": "haskell-game",
        "repo": "tiny-games-hs",
        "rev": "9dcd6f220d265966bf1f1ca259b5aa956a4cc8a6",
        "type": "github"
      }
    }
  },
  "root": "root",
  "version": 7
}
